
Microsoft Visual Studio Solution File, Format Version 12.00
# Visual Studio Version 16
VisualStudioVersion = 16.0.29424.173
MinimumVisualStudioVersion = 10.0.40219.1
Project("{2150E333-8FDC-42A3-9474-1A3956D46DE8}") = ".Net Core", ".Net Core", "{67E4D274-C8D2-4F23-BD77-32B9EA0C2CA0}"
EndProject
Project("{2150E333-8FDC-42A3-9474-1A3956D46DE8}") = ".Net", ".Net", "{44D0BFC4-CD36-4E54-9D15-ED0A496B16CD}"
EndProject
Project("{FAE04EC0-301F-11D3-BF4B-00C04F79EFBC}") = "AppveyorTest", "AppveyorTest\AppveyorTest.csproj", "{FA32929B-8439-4CEF-B4B6-4BAC0290E4F5}"
EndProject
Project("{2150E333-8FDC-42A3-9474-1A3956D46DE8}") = "Samples", "Samples", "{6AE3E97D-BFDE-4F12-BB09-943C63EA2B10}"
EndProject
Project("{2150E333-8FDC-42A3-9474-1A3956D46DE8}") = "Library", "Library", "{85E9D2B8-2F87-4900-8EB2-783F8B6241DF}"
EndProject
Project("{FAE04EC0-301F-11D3-BF4B-00C04F79EFBC}") = "AppveyorTest.NetCore", "AppveyorTest.NetCore\AppveyorTest.NetCore.csproj", "{2BF28C9C-2B6D-4607-886D-6C6DCF5B7906}"
EndProject
Project("{FAE04EC0-301F-11D3-BF4B-00C04F79EFBC}") = "AppveyorTest.Net452", "AppveyorTest.Net452\AppveyorTest.Net452.csproj", "{D292BD2B-90C6-4F19-A298-411046EA3645}"
EndProject
Global
	GlobalSection(SolutionConfigurationPlatforms) = preSolution
		Debug|Any CPU = Debug|Any CPU
		Release|Any CPU = Release|Any CPU
	EndGlobalSection
	GlobalSection(ProjectConfigurationPlatforms) = postSolution
		{FA32929B-8439-4CEF-B4B6-4BAC0290E4F5}.Debug|Any CPU.ActiveCfg = Debug|Any CPU
		{FA32929B-8439-4CEF-B4B6-4BAC0290E4F5}.Debug|Any CPU.Build.0 = Debug|Any CPU
		{FA32929B-8439-4CEF-B4B6-4BAC0290E4F5}.Release|Any CPU.ActiveCfg = Release|Any CPU
		{FA32929B-8439-4CEF-B4B6-4BAC0290E4F5}.Release|Any CPU.Build.0 = Release|Any CPU
		{2BF28C9C-2B6D-4607-886D-6C6DCF5B7906}.Debug|Any CPU.ActiveCfg = Debug|Any CPU
		{2BF28C9C-2B6D-4607-886D-6C6DCF5B7906}.Debug|Any CPU.Build.0 = Debug|Any CPU
		{2BF28C9C-2B6D-4607-886D-6C6DCF5B7906}.Release|Any CPU.ActiveCfg = Release|Any CPU
		{2BF28C9C-2B6D-4607-886D-6C6DCF5B7906}.Release|Any CPU.Build.0 = Release|Any CPU
		{D292BD2B-90C6-4F19-A298-411046EA3645}.Debug|Any CPU.ActiveCfg = Debug|Any CPU
		{D292BD2B-90C6-4F19-A298-411046EA3645}.Debug|Any CPU.Build.0 = Debug|Any CPU
		{D292BD2B-90C6-4F19-A298-411046EA3645}.Release|Any CPU.ActiveCfg = Release|Any CPU
		{D292BD2B-90C6-4F19-A298-411046EA3645}.Release|Any CPU.Build.0 = Release|Any CPU
	EndGlobalSection
	GlobalSection(SolutionProperties) = preSolution
		HideSolutionNode = FALSE
	EndGlobalSection
	GlobalSection(NestedProjects) = preSolution
		{67E4D274-C8D2-4F23-BD77-32B9EA0C2CA0} = {6AE3E97D-BFDE-4F12-BB09-943C63EA2B10}
		{44D0BFC4-CD36-4E54-9D15-ED0A496B16CD} = {6AE3E97D-BFDE-4F12-BB09-943C63EA2B10}
		{FA32929B-8439-4CEF-B4B6-4BAC0290E4F5} = {85E9D2B8-2F87-4900-8EB2-783F8B6241DF}
		{2BF28C9C-2B6D-4607-886D-6C6DCF5B7906} = {67E4D274-C8D2-4F23-BD77-32B9EA0C2CA0}
		{D292BD2B-90C6-4F19-A298-411046EA3645} = {44D0BFC4-CD36-4E54-9D15-ED0A496B16CD}
	EndGlobalSection
	GlobalSection(ExtensibilityGlobals) = postSolution
		SolutionGuid = {76523F23-7616-4E68-99D7-DDC5E27297A0}
	EndGlobalSection
EndGlobal
